
Microsoft Visual Studio Solution File, Format Version 12.00
# Visual Studio Version 17
VisualStudioVersion = 17.4.33122.133
MinimumVisualStudioVersion = 10.0.40219.1
Project("{FAE04EC0-301F-11D3-BF4B-00C04F79EFBC}") = "eman", "eman\eman.csproj", "{23EE5C0A-DD53-4072-B931-0E8EE594719B}"
EndProject
Global
	GlobalSection(SolutionConfigurationPlatforms) = preSolution
		Debug|Any CPU = Debug|Any CPU
		Release|Any CPU = Release|Any CPU
	EndGlobalSection
	GlobalSection(ProjectConfigurationPlatforms) = postSolution
		{23EE5C0A-DD53-4072-B931-0E8EE594719B}.Debug|Any CPU.ActiveCfg = Debug|Any CPU
		{23EE5C0A-DD53-4072-B931-0E8EE594719B}.Debug|Any CPU.Build.0 = Debug|Any CPU
		{23EE5C0A-DD53-4072-B931-0E8EE594719B}.Release|Any CPU.ActiveCfg = Release|Any CPU
		{23EE5C0A-DD53-4072-B931-0E8EE594719B}.Release|Any CPU.Build.0 = Release|Any CPU
	EndGlobalSection
	GlobalSection(SolutionProperties) = preSolution
		HideSolutionNode = FALSE
	EndGlobalSection
	GlobalSection(ExtensibilityGlobals) = postSolution
		SolutionGuid = {FC6910B8-3074-493C-A2B7-296681B643B0}
	EndGlobalSection
EndGlobal
